{
  "name": "mcscript",
  "version": "0.2.3",
  "lockfileVersion": 3,
  "requires": true,
  "packages": {
    "": {
      "name": "mcscript",
      "version": "0.2.3",
      "license": "ISC",
      "bin": {
        "mcscript": "bin/test-module.js",
        "mcscript-modals": "bin/modal.js",
        "mcscript-watch": "bin/watch.js"
      }
    }
  }
}